
Microsoft Visual Studio Solution File, Format Version 12.00
# Visual Studio 15
VisualStudioVersion = 15.0.28307.779
MinimumVisualStudioVersion = 10.0.40219.1
Project("{2150E333-8FDC-42A3-9474-1A3956D46DE8}") = "src", "src", "{8AD0A0B8-4CDC-43CB-BC86-77BCA06A7C22}"
EndProject
Project("{2150E333-8FDC-42A3-9474-1A3956D46DE8}") = "1-Presentation", "1-Presentation", "{0F3B6B46-1002-42FA-BD4C-ABAF80238660}"
EndProject
Project("{2150E333-8FDC-42A3-9474-1A3956D46DE8}") = "2-Service", "2-Service", "{4C12DAD6-DC55-41E1-8447-0DB629E481A4}"
EndProject
Project("{2150E333-8FDC-42A3-9474-1A3956D46DE8}") = "3-Application", "3-Application", "{DBF64B20-EB26-4175-B810-3BE1C9ABC3C8}"
EndProject
Project("{2150E333-8FDC-42A3-9474-1A3956D46DE8}") = "4-Domain", "4-Domain", "{F9D27C18-7696-4799-8CBA-09E0B33BF8F2}"
EndProject
Project("{2150E333-8FDC-42A3-9474-1A3956D46DE8}") = "5-Infra", "5-Infra", "{5CCBEE8C-6994-42B7-A5E2-777F2DEB30CA}"
EndProject
Project("{FAE04EC0-301F-11D3-BF4B-00C04F79EFBC}") = "DNA.UI.Web", "src\DNA.UI.Web\DNA.UI.Web.csproj", "{A64F5A71-B630-46B3-8727-76D96F29C007}"
EndProject
Project("{FAE04EC0-301F-11D3-BF4B-00C04F79EFBC}") = "DNA.Service.Api", "src\DNA.Service.Api\DNA.Service.Api.csproj", "{82156390-F668-493F-8D27-61BD1086ED9D}"
EndProject
Project("{FAE04EC0-301F-11D3-BF4B-00C04F79EFBC}") = "DNA.Application", "src\DNA.Application\DNA.Application.csproj", "{6D61549C-6DD3-4815-BA3B-AE6D03182F2F}"
EndProject
Project("{2150E333-8FDC-42A3-9474-1A3956D46DE8}") = "4.1-Domain", "4.1-Domain", "{924FCC47-417E-4427-8DC3-6EEFAFF3ECDE}"
EndProject
Project("{2150E333-8FDC-42A3-9474-1A3956D46DE8}") = "4.2-Domain.Core", "4.2-Domain.Core", "{9A1971F6-2C98-4036-AF29-948DB067C6E4}"
EndProject
Project("{FAE04EC0-301F-11D3-BF4B-00C04F79EFBC}") = "DNA.Domain.Core", "src\DNA.Domain.core\DNA.Domain.Core.csproj", "{F712EBC8-E142-404B-842C-66B7709551B0}"
EndProject
Project("{FAE04EC0-301F-11D3-BF4B-00C04F79EFBC}") = "DNA.Domain", "src\DNA.Domain\DNA.Domain.csproj", "{D4E14084-1FC2-477E-B0FC-9F376E9A0915}"
EndProject
Project("{2150E333-8FDC-42A3-9474-1A3956D46DE8}") = "5.1-Data", "5.1-Data", "{01944100-E91E-472D-9F17-0BD3E2570DC6}"
EndProject
Project("{FAE04EC0-301F-11D3-BF4B-00C04F79EFBC}") = "DNA.Infra.Data", "src\DNA.Infra.Data\DNA.Infra.Data.csproj", "{3A5D33A3-2CFD-40AF-B4E1-4150CE839915}"
EndProject
Project("{2150E333-8FDC-42A3-9474-1A3956D46DE8}") = "5.2-CrossCutting", "5.2-CrossCutting", "{B53E09EE-721A-464C-9F46-D1C73B2169C0}"
EndProject
Project("{2150E333-8FDC-42A3-9474-1A3956D46DE8}") = "5.2.1-CrossCtting.Bus", "5.2.1-CrossCtting.Bus", "{09CD2D8B-EECF-457F-ACEC-0AA7CF94F00A}"
EndProject
Project("{2150E333-8FDC-42A3-9474-1A3956D46DE8}") = "5.2.2-CrossCutting.Identity", "5.2.2-CrossCutting.Identity", "{3CAA04B0-CD28-4D22-83D7-D92FDE882AE7}"
EndProject
Project("{2150E333-8FDC-42A3-9474-1A3956D46DE8}") = "5.2.3-CrossCutting.IoC", "5.2.3-CrossCutting.IoC", "{F6E50C35-169F-4DB2-935B-DF057D5987D9}"
EndProject
Project("{FAE04EC0-301F-11D3-BF4B-00C04F79EFBC}") = "DNA.CrossCutting.Identity", "src\DNA.Infra.CrossCutting.Identity\DNA.CrossCutting.Identity.csproj", "{742DEF02-7C7B-41BB-A59D-705D99EDD5C7}"
EndProject
Project("{FAE04EC0-301F-11D3-BF4B-00C04F79EFBC}") = "DNA.CrossCutting.Bus", "src\DNA.CrossCutting.Bus\DNA.CrossCutting.Bus.csproj", "{36043FAC-1AA3-45E9-8BB3-D68F6AD560B5}"
EndProject
Project("{FAE04EC0-301F-11D3-BF4B-00C04F79EFBC}") = "DNA.CrossCutting.IoC", "src\DNA.CrossCutting.IoC\DNA.CrossCutting.IoC.csproj", "{36A5E495-8583-4FFA-A995-AD7EDD45DE4D}"
EndProject
Project("{2150E333-8FDC-42A3-9474-1A3956D46DE8}") = "Solution Items", "Solution Items", "{AE88BF9A-69CA-441C-B21D-FB213454C642}"
	ProjectSection(SolutionItems) = preProject
		Global.json = Global.json
	EndProjectSection
EndProject
Global
	GlobalSection(SolutionConfigurationPlatforms) = preSolution
		Debug|Any CPU = Debug|Any CPU
		Release|Any CPU = Release|Any CPU
	EndGlobalSection
	GlobalSection(ProjectConfigurationPlatforms) = postSolution
		{A64F5A71-B630-46B3-8727-76D96F29C007}.Debug|Any CPU.ActiveCfg = Debug|Any CPU
		{A64F5A71-B630-46B3-8727-76D96F29C007}.Debug|Any CPU.Build.0 = Debug|Any CPU
		{A64F5A71-B630-46B3-8727-76D96F29C007}.Release|Any CPU.ActiveCfg = Release|Any CPU
		{A64F5A71-B630-46B3-8727-76D96F29C007}.Release|Any CPU.Build.0 = Release|Any CPU
		{82156390-F668-493F-8D27-61BD1086ED9D}.Debug|Any CPU.ActiveCfg = Debug|Any CPU
		{82156390-F668-493F-8D27-61BD1086ED9D}.Debug|Any CPU.Build.0 = Debug|Any CPU
		{82156390-F668-493F-8D27-61BD1086ED9D}.Release|Any CPU.ActiveCfg = Release|Any CPU
		{82156390-F668-493F-8D27-61BD1086ED9D}.Release|Any CPU.Build.0 = Release|Any CPU
		{6D61549C-6DD3-4815-BA3B-AE6D03182F2F}.Debug|Any CPU.ActiveCfg = Debug|Any CPU
		{6D61549C-6DD3-4815-BA3B-AE6D03182F2F}.Debug|Any CPU.Build.0 = Debug|Any CPU
		{6D61549C-6DD3-4815-BA3B-AE6D03182F2F}.Release|Any CPU.ActiveCfg = Release|Any CPU
		{6D61549C-6DD3-4815-BA3B-AE6D03182F2F}.Release|Any CPU.Build.0 = Release|Any CPU
		{F712EBC8-E142-404B-842C-66B7709551B0}.Debug|Any CPU.ActiveCfg = Debug|Any CPU
		{F712EBC8-E142-404B-842C-66B7709551B0}.Debug|Any CPU.Build.0 = Debug|Any CPU
		{F712EBC8-E142-404B-842C-66B7709551B0}.Release|Any CPU.ActiveCfg = Release|Any CPU
		{F712EBC8-E142-404B-842C-66B7709551B0}.Release|Any CPU.Build.0 = Release|Any CPU
		{D4E14084-1FC2-477E-B0FC-9F376E9A0915}.Debug|Any CPU.ActiveCfg = Debug|Any CPU
		{D4E14084-1FC2-477E-B0FC-9F376E9A0915}.Debug|Any CPU.Build.0 = Debug|Any CPU
		{D4E14084-1FC2-477E-B0FC-9F376E9A0915}.Release|Any CPU.ActiveCfg = Release|Any CPU
		{D4E14084-1FC2-477E-B0FC-9F376E9A0915}.Release|Any CPU.Build.0 = Release|Any CPU
		{3A5D33A3-2CFD-40AF-B4E1-4150CE839915}.Debug|Any CPU.ActiveCfg = Debug|Any CPU
		{3A5D33A3-2CFD-40AF-B4E1-4150CE839915}.Debug|Any CPU.Build.0 = Debug|Any CPU
		{3A5D33A3-2CFD-40AF-B4E1-4150CE839915}.Release|Any CPU.ActiveCfg = Release|Any CPU
		{3A5D33A3-2CFD-40AF-B4E1-4150CE839915}.Release|Any CPU.Build.0 = Release|Any CPU
		{742DEF02-7C7B-41BB-A59D-705D99EDD5C7}.Debug|Any CPU.ActiveCfg = Debug|Any CPU
		{742DEF02-7C7B-41BB-A59D-705D99EDD5C7}.Debug|Any CPU.Build.0 = Debug|Any CPU
		{742DEF02-7C7B-41BB-A59D-705D99EDD5C7}.Release|Any CPU.ActiveCfg = Release|Any CPU
		{742DEF02-7C7B-41BB-A59D-705D99EDD5C7}.Release|Any CPU.Build.0 = Release|Any CPU
		{36043FAC-1AA3-45E9-8BB3-D68F6AD560B5}.Debug|Any CPU.ActiveCfg = Debug|Any CPU
		{36043FAC-1AA3-45E9-8BB3-D68F6AD560B5}.Debug|Any CPU.Build.0 = Debug|Any CPU
		{36043FAC-1AA3-45E9-8BB3-D68F6AD560B5}.Release|Any CPU.ActiveCfg = Release|Any CPU
		{36043FAC-1AA3-45E9-8BB3-D68F6AD560B5}.Release|Any CPU.Build.0 = Release|Any CPU
		{36A5E495-8583-4FFA-A995-AD7EDD45DE4D}.Debug|Any CPU.ActiveCfg = Debug|Any CPU
		{36A5E495-8583-4FFA-A995-AD7EDD45DE4D}.Debug|Any CPU.Build.0 = Debug|Any CPU
		{36A5E495-8583-4FFA-A995-AD7EDD45DE4D}.Release|Any CPU.ActiveCfg = Release|Any CPU
		{36A5E495-8583-4FFA-A995-AD7EDD45DE4D}.Release|Any CPU.Build.0 = Release|Any CPU
	EndGlobalSection
	GlobalSection(SolutionProperties) = preSolution
		HideSolutionNode = FALSE
	EndGlobalSection
	GlobalSection(NestedProjects) = preSolution
		{0F3B6B46-1002-42FA-BD4C-ABAF80238660} = {8AD0A0B8-4CDC-43CB-BC86-77BCA06A7C22}
		{4C12DAD6-DC55-41E1-8447-0DB629E481A4} = {8AD0A0B8-4CDC-43CB-BC86-77BCA06A7C22}
		{DBF64B20-EB26-4175-B810-3BE1C9ABC3C8} = {8AD0A0B8-4CDC-43CB-BC86-77BCA06A7C22}
		{F9D27C18-7696-4799-8CBA-09E0B33BF8F2} = {8AD0A0B8-4CDC-43CB-BC86-77BCA06A7C22}
		{5CCBEE8C-6994-42B7-A5E2-777F2DEB30CA} = {8AD0A0B8-4CDC-43CB-BC86-77BCA06A7C22}
		{A64F5A71-B630-46B3-8727-76D96F29C007} = {0F3B6B46-1002-42FA-BD4C-ABAF80238660}
		{82156390-F668-493F-8D27-61BD1086ED9D} = {4C12DAD6-DC55-41E1-8447-0DB629E481A4}
		{6D61549C-6DD3-4815-BA3B-AE6D03182F2F} = {DBF64B20-EB26-4175-B810-3BE1C9ABC3C8}
		{924FCC47-417E-4427-8DC3-6EEFAFF3ECDE} = {F9D27C18-7696-4799-8CBA-09E0B33BF8F2}
		{9A1971F6-2C98-4036-AF29-948DB067C6E4} = {F9D27C18-7696-4799-8CBA-09E0B33BF8F2}
		{F712EBC8-E142-404B-842C-66B7709551B0} = {9A1971F6-2C98-4036-AF29-948DB067C6E4}
		{D4E14084-1FC2-477E-B0FC-9F376E9A0915} = {924FCC47-417E-4427-8DC3-6EEFAFF3ECDE}
		{01944100-E91E-472D-9F17-0BD3E2570DC6} = {5CCBEE8C-6994-42B7-A5E2-777F2DEB30CA}
		{3A5D33A3-2CFD-40AF-B4E1-4150CE839915} = {01944100-E91E-472D-9F17-0BD3E2570DC6}
		{B53E09EE-721A-464C-9F46-D1C73B2169C0} = {5CCBEE8C-6994-42B7-A5E2-777F2DEB30CA}
		{09CD2D8B-EECF-457F-ACEC-0AA7CF94F00A} = {B53E09EE-721A-464C-9F46-D1C73B2169C0}
		{3CAA04B0-CD28-4D22-83D7-D92FDE882AE7} = {B53E09EE-721A-464C-9F46-D1C73B2169C0}
		{F6E50C35-169F-4DB2-935B-DF057D5987D9} = {B53E09EE-721A-464C-9F46-D1C73B2169C0}
		{742DEF02-7C7B-41BB-A59D-705D99EDD5C7} = {3CAA04B0-CD28-4D22-83D7-D92FDE882AE7}
		{36043FAC-1AA3-45E9-8BB3-D68F6AD560B5} = {09CD2D8B-EECF-457F-ACEC-0AA7CF94F00A}
		{36A5E495-8583-4FFA-A995-AD7EDD45DE4D} = {F6E50C35-169F-4DB2-935B-DF057D5987D9}
	EndGlobalSection
	GlobalSection(ExtensibilityGlobals) = postSolution
		SolutionGuid = {7C63CC1F-0AFB-4E47-AF33-D12FC20E6581}
	EndGlobalSection
EndGlobal
